// !$*UTF8*$!
{
	archiveVersion = 1;
	classes = {
	};
	objectVersion = 77;
	objects = {

/* Begin PBXContainerItemProxy section */
		27ECC8F82EBD7CCE008AB043 /* PBXContainerItemProxy */ = {
			isa = PBXContainerItemProxy;
			containerPortal = 27ECC8E22EBD7CCC008AB043 /* Project object */;
			proxyType = 1;
			remoteGlobalIDString = 27ECC8E92EBD7CCC008AB043;
			remoteInfo = kajilis;
		};
		27ECC9022EBD7CCE008AB043 /* PBXContainerItemProxy */ = {
			isa = PBXContainerItemProxy;
			containerPortal = 27ECC8E22EBD7CCC008AB043 /* Project object */;
			proxyType = 1;
			remoteGlobalIDString = 27ECC8E92EBD7CCC008AB043;
			remoteInfo = kajilis;
		};
/* End PBXContainerItemProxy section */

/* Begin PBXFileReference section */
		27ECC8EA2EBD7CCC008AB043 /* kajilis.app */ = {isa = PBXFileReference; explicitFileType = wrapper.application; includeInIndex = 0; path = kajilis.app; sourceTree = BUILT_PRODUCTS_DIR; };
		27ECC8F72EBD7CCE008AB043 /* kajilisTests.xctest */ = {isa = PBXFileReference; explicitFileType = wrapper.cfbundle; includeInIndex = 0; path = kajilisTests.xctest; sourceTree = BUILT_PRODUCTS_DIR; };
		27ECC9012EBD7CCE008AB043 /* kajilisUITests.xctest */ = {isa = PBXFileReference; explicitFileType = wrapper.cfbundle; includeInIndex = 0; path = kajilisUITests.xctest; sourceTree = BUILT_PRODUCTS_DIR; };
/* End PBXFileReference section */

/* Begin PBXFileSystemSynchronizedRootGroup section */
		27ECC8EC2EBD7CCC008AB043 /* kajilis */ = {
			isa = PBXFileSystemSynchronizedRootGroup;
			path = kajilis;
			sourceTree = "<group>";
		};
		27ECC8FA2EBD7CCE008AB043 /* kajilisTests */ = {
			isa = PBXFileSystemSynchronizedRootGroup;
			path = kajilisTests;
			sourceTree = "<group>";
		};
		27ECC9042EBD7CCE008AB043 /* kajilisUITests */ = {
			isa = PBXFileSystemSynchronizedRootGroup;
			path = kajilisUITests;
			sourceTree = "<group>";
		};
/* End PBXFileSystemSynchronizedRootGroup section */

/* Begin PBXFrameworksBuildPhase section */
		27ECC8E72EBD7CCC008AB043 /* Frameworks */ = {
			isa = PBXFrameworksBuildPhase;
			buildActionMask = 2147483647;
			files = (
			);
			runOnlyForDeploymentPostprocessing = 0;
		};
		27ECC8F42EBD7CCE008AB043 /* Frameworks */ = {
			isa = PBXFrameworksBuildPhase;
			buildActionMask = 2147483647;
			files = (
			);
			runOnlyForDeploymentPostprocessing = 0;
		};
		27ECC8FE2EBD7CCE008AB043 /* Frameworks */ = {
			isa = PBXFrameworksBuildPhase;
			buildActionMask = 2147483647;
			files = (
			);
			runOnlyForDeploymentPostprocessing = 0;
		};
/* End PBXFrameworksBuildPhase section */

/* Begin PBXGroup section */
		27ECC8E12EBD7CCC008AB043 = {
			isa = PBXGroup;
			children = (
				27ECC8EC2EBD7CCC008AB043 /* kajilis */,
				27ECC8FA2EBD7CCE008AB043 /* kajilisTests */,
				27ECC9042EBD7CCE008AB043 /* kajilisUITests */,
				27ECC8EB2EBD7CCC008AB043 /* Products */,
			);
			sourceTree = "<group>";
		};
		27ECC8EB2EBD7CCC008AB043 /* Products */ = {
			isa = PBXGroup;
			children = (
				27ECC8EA2EBD7CCC008AB043 /* kajilis.app */,
				27ECC8F72EBD7CCE008AB043 /* kajilisTests.xctest */,
				27ECC9012EBD7CCE008AB043 /* kajilisUITests.xctest */,
			);
			name = Products;
			sourceTree = "<group>";
		};
/* End PBXGroup section */

/* Begin PBXNativeTarget section */
		27ECC8E92EBD7CCC008AB043 /* kajilis */ = {
			isa = PBXNativeTarget;
			buildConfigurationList = 27ECC90B2EBD7CCE008AB043 /* Build configuration list for PBXNativeTarget "kajilis" */;
			buildPhases = (
				27ECC8E62EBD7CCC008AB043 /* Sources */,
				27ECC8E72EBD7CCC008AB043 /* Frameworks */,
				27ECC8E82EBD7CCC008AB043 /* Resources */,
			);
			buildRules = (
			);
			dependencies = (
			);
			fileSystemSynchronizedGroups = (
				27ECC8EC2EBD7CCC008AB043 /* kajilis */,
			);
			name = kajilis;
			packageProductDependencies = (
			);
			productName = kajilis;
			productReference = 27ECC8EA2EBD7CCC008AB043 /* kajilis.app */;
			productType = "com.apple.product-type.application";
		};
		27ECC8F62EBD7CCE008AB043 /* kajilisTests */ = {
			isa = PBXNativeTarget;
			buildConfigurationList = 27ECC90E2EBD7CCE008AB043 /* Build configuration list for PBXNativeTarget "kajilisTests" */;
			buildPhases = (
				27ECC8F32EBD7CCE008AB043 /* Sources */,
				27ECC8F42EBD7CCE008AB043 /* Frameworks */,
				27ECC8F52EBD7CCE008AB043 /* Resources */,
			);
			buildRules = (
			);
			dependencies = (
				27ECC8F92EBD7CCE008AB043 /* PBXTargetDependency */,
			);
			fileSystemSynchronizedGroups = (
				27ECC8FA2EBD7CCE008AB043 /* kajilisTests */,
			);
			name = kajilisTests;
			packageProductDependencies = (
			);
			productName = kajilisTests;
			productReference = 27ECC8F72EBD7CCE008AB043 /* kajilisTests.xctest */;
			productType = "com.apple.product-type.bundle.unit-test";
		};
		27ECC9002EBD7CCE008AB043 /* kajilisUITests */ = {
			isa = PBXNativeTarget;
			buildConfigurationList = 27ECC9112EBD7CCE008AB043 /* Build configuration list for PBXNativeTarget "kajilisUITests" */;
			buildPhases = (
				27ECC8FD2EBD7CCE008AB043 /* Sources */,
				27ECC8FE2EBD7CCE008AB043 /* Frameworks */,
				27ECC8FF2EBD7CCE008AB043 /* Resources */,
			);
			buildRules = (
			);
			dependencies = (
				27ECC9032EBD7CCE008AB043 /* PBXTargetDependency */,
			);
			fileSystemSynchronizedGroups = (
				27ECC9042EBD7CCE008AB043 /* kajilisUITests */,
			);
			name = kajilisUITests;
			packageProductDependencies = (
			);
			productName = kajilisUITests;
			productReference = 27ECC9012EBD7CCE008AB043 /* kajilisUITests.xctest */;
			productType = "com.apple.product-type.bundle.ui-testing";
		};
/* End PBXNativeTarget section */

/* Begin PBXProject section */
		27ECC8E22EBD7CCC008AB043 /* Project object */ = {
			isa = PBXProject;
			attributes = {
				BuildIndependentTargetsInParallel = 1;
				LastSwiftUpdateCheck = 2600;
				LastUpgradeCheck = 2600;
				TargetAttributes = {
					27ECC8E92EBD7CCC008AB043 = {
						CreatedOnToolsVersion = 26.0.1;
					};
					27ECC8F62EBD7CCE008AB043 = {
						CreatedOnToolsVersion = 26.0.1;
						TestTargetID = 27ECC8E92EBD7CCC008AB043;
					};
					27ECC9002EBD7CCE008AB043 = {
						CreatedOnToolsVersion = 26.0.1;
						TestTargetID = 27ECC8E92EBD7CCC008AB043;
					};
				};
			};
			buildConfigurationList = 27ECC8E52EBD7CCC008AB043 /* Build configuration list for PBXProject "kajilis" */;
			developmentRegion = en;
			hasScannedForEncodings = 0;
			knownRegions = (
				en,
				Base,
			);
			mainGroup = 27ECC8E12EBD7CCC008AB043;
			minimizedProjectReferenceProxies = 1;
			preferredProjectObjectVersion = 77;
			productRefGroup = 27ECC8EB2EBD7CCC008AB043 /* Products */;
			projectDirPath = "";
			projectRoot = "";
			targets = (
				27ECC8E92EBD7CCC008AB043 /* kajilis */,
				27ECC8F62EBD7CCE008AB043 /* kajilisTests */,
				27ECC9002EBD7CCE008AB043 /* kajilisUITests */,
			);
		};
/* End PBXProject section */

/* Begin PBXResourcesBuildPhase section */
		27ECC8E82EBD7CCC008AB043 /* Resources */ = {
			isa = PBXResourcesBuildPhase;
			buildActionMask = 2147483647;
			files = (
			);
			runOnlyForDeploymentPostprocessing = 0;
		};
		27ECC8F52EBD7CCE008AB043 /* Resources */ = {
			isa = PBXResourcesBuildPhase;
			buildActionMask = 2147483647;
			files = (
			);
			runOnlyForDeploymentPostprocessing = 0;
		};
		27ECC8FF2EBD7CCE008AB043 /* Resources */ = {
			isa = PBXResourcesBuildPhase;
			buildActionMask = 2147483647;
			files = (
			);
			runOnlyForDeploymentPostprocessing = 0;
		};
/* End PBXResourcesBuildPhase section */

/* Begin PBXSourcesBuildPhase section */
		27ECC8E62EBD7CCC008AB043 /* Sources */ = {
			isa = PBXSourcesBuildPhase;
			buildActionMask = 2147483647;
			files = (
			);
			runOnlyForDeploymentPostprocessing = 0;
		};
		27ECC8F32EBD7CCE008AB043 /* Sources */ = {
			isa = PBXSourcesBuildPhase;
			buildActionMask = 2147483647;
			files = (
			);
			runOnlyForDeploymentPostprocessing = 0;
		};
		27ECC8FD2EBD7CCE008AB043 /* Sources */ = {
			isa = PBXSourcesBuildPhase;
			buildActionMask = 2147483647;
			files = (
			);
			runOnlyForDeploymentPostprocessing = 0;
		};
/* End PBXSourcesBuildPhase section */

/* Begin PBXTargetDependency section */
		27ECC8F92EBD7CCE008AB043 /* PBXTargetDependency */ = {
			isa = PBXTargetDependency;
			target = 27ECC8E92EBD7CCC008AB043 /* kajilis */;
			targetProxy = 27ECC8F82EBD7CCE008AB043 /* PBXContainerItemProxy */;
		};
		27ECC9032EBD7CCE008AB043 /* PBXTargetDependency */ = {
			isa = PBXTargetDependency;
			target = 27ECC8E92EBD7CCC008AB043 /* kajilis */;
			targetProxy = 27ECC9022EBD7CCE008AB043 /* PBXContainerItemProxy */;
		};
/* End PBXTargetDependency section */

/* Begin XCBuildConfiguration section */
		27ECC9092EBD7CCE008AB043 /* Debug */ = {
			isa = XCBuildConfiguration;
			buildSettings = {
				ALWAYS_SEARCH_USER_PATHS = NO;
				ASSETCATALOG_COMPILER_GENERATE_SWIFT_ASSET_SYMBOL_EXTENSIONS = YES;
				CLANG_ANALYZER_NONNULL = YES;
				CLANG_ANALYZER_NUMBER_OBJECT_CONVERSION = YES_AGGRESSIVE;
				CLANG_CXX_LANGUAGE_STANDARD = "gnu++20";
				CLANG_ENABLE_MODULES = YES;
				CLANG_ENABLE_OBJC_ARC = YES;
				CLANG_ENABLE_OBJC_WEAK = YES;
				CLANG_WARN_BLOCK_CAPTURE_AUTORELEASING = YES;
				CLANG_WARN_BOOL_CONVERSION = YES;
				CLANG_WARN_COMMA = YES;
				CLANG_WARN_CONSTANT_CONVERSION = YES;
				CLANG_WARN_DEPRECATED_OBJC_IMPLEMENTATIONS = YES;
				CLANG_WARN_DIRECT_OBJC_ISA_USAGE = YES_ERROR;
				CLANG_WARN_DOCUMENTATION_COMMENTS = YES;
				CLANG_WARN_EMPTY_BODY = YES;
				CLANG_WARN_ENUM_CONVERSION = YES;
				CLANG_WARN_INFINITE_RECURSION = YES;
				CLANG_WARN_INT_CONVERSION = YES;
				CLANG_WARN_NON_LITERAL_NULL_CONVERSION = YES;
				CLANG_WARN_OBJC_IMPLICIT_RETAIN_SELF = YES;
				CLANG_WARN_OBJC_LITERAL_CONVERSION = YES;
				CLANG_WARN_OBJC_ROOT_CLASS = YES_ERROR;
				CLANG_WARN_QUOTED_INCLUDE_IN_FRAMEWORK_HEADER = YES;
				CLANG_WARN_RANGE_LOOP_ANALYSIS = YES;
				CLANG_WARN_STRICT_PROTOTYPES = YES;
				CLANG_WARN_SUSPICIOUS_MOVE = YES;
				CLANG_WARN_UNGUARDED_AVAILABILITY = YES_AGGRESSIVE;
				CLANG_WARN_UNREACHABLE_CODE = YES;
				CLANG_WARN__DUPLICATE_METHOD_MATCH = YES;
				COPY_PHASE_STRIP = NO;
				DEBUG_INFORMATION_FORMAT = dwarf;
				DEVELOPMENT_TEAM = DH2SWVQ45A;
				ENABLE_STRICT_OBJC_MSGSEND = YES;
				ENABLE_TESTABILITY = YES;
				ENABLE_USER_SCRIPT_SANDBOXING = YES;
				GCC_C_LANGUAGE_STANDARD = gnu17;
				GCC_DYNAMIC_NO_PIC = NO;
				GCC_NO_COMMON_BLOCKS = YES;
				GCC_OPTIMIZATION_LEVEL = 0;
				GCC_PREPROCESSOR_DEFINITIONS = (
					"DEBUG=1",
					"$(inherited)",
				);
				GCC_WARN_64_TO_32_BIT_CONVERSION = YES;
				GCC_WARN_ABOUT_RETURN_TYPE = YES_ERROR;
				GCC_WARN_UNDECLARED_SELECTOR = YES;
				GCC_WARN_UNINITIALIZED_AUTOS = YES_AGGRESSIVE;
				GCC_WARN_UNUSED_FUNCTION = YES;
				GCC_WARN_UNUSED_VARIABLE = YES;
				IPHONEOS_DEPLOYMENT_TARGET = 26.0;
				LOCALIZATION_PREFERS_STRING_CATALOGS = YES;
				MTL_ENABLE_DEBUG_INFO = INCLUDE_SOURCE;
				MTL_FAST_MATH = YES;
				ONLY_ACTIVE_ARCH = YES;
				SDKROOT = iphoneos;
				SWIFT_ACTIVE_COMPILATION_CONDITIONS = "DEBUG $(inherited)";
				SWIFT_OPTIMIZATION_LEVEL = "-Onone";
			};
			name = Debug;
		};
		27ECC90A2EBD7CCE008AB043 /* Release */ = {
			isa = XCBuildConfiguration;
			buildSettings = {
				ALWAYS_SEARCH_USER_PATHS = NO;
				ASSETCATALOG_COMPILER_GENERATE_SWIFT_ASSET_SYMBOL_EXTENSIONS = YES;
				CLANG_ANALYZER_NONNULL = YES;
				CLANG_ANALYZER_NUMBER_OBJECT_CONVERSION = YES_AGGRESSIVE;
				CLANG_CXX_LANGUAGE_STANDARD = "gnu++20";
				CLANG_ENABLE_MODULES = YES;
				CLANG_ENABLE_OBJC_ARC = YES;
				CLANG_ENABLE_OBJC_WEAK = YES;
				CLANG_WARN_BLOCK_CAPTURE_AUTORELEASING = YES;
				CLANG_WARN_BOOL_CONVERSION = YES;
				CLANG_WARN_COMMA = YES;
				CLANG_WARN_CONSTANT_CONVERSION = YES;
				CLANG_WARN_DEPRECATED_OBJC_IMPLEMENTATIONS = YES;
				CLANG_WARN_DIRECT_OBJC_ISA_USAGE = YES_ERROR;
				CLANG_WARN_DOCUMENTATION_COMMENTS = YES;
				CLANG_WARN_EMPTY_BODY = YES;
				CLANG_WARN_ENUM_CONVERSION = YES;
				CLANG_WARN_INFINITE_RECURSION = YES;
				CLANG_WARN_INT_CONVERSION = YES;
				CLANG_WARN_NON_LITERAL_NULL_CONVERSION = YES;
				CLANG_WARN_OBJC_IMPLICIT_RETAIN_SELF = YES;
				CLANG_WARN_OBJC_LITERAL_CONVERSION = YES;
				CLANG_WARN_OBJC_ROOT_CLASS = YES_ERROR;
				CLANG_WARN_QUOTED_INCLUDE_IN_FRAMEWORK_HEADER = YES;
				CLANG_WARN_RANGE_LOOP_ANALYSIS = YES;
				CLANG_WARN_STRICT_PROTOTYPES = YES;
				CLANG_WARN_SUSPICIOUS_MOVE = YES;
				CLANG_WARN_UNGUARDED_AVAILABILITY = YES_AGGRESSIVE;
				CLANG_WARN_UNREACHABLE_CODE = YES;
				CLANG_WARN__DUPLICATE_METHOD_MATCH = YES;
				COPY_PHASE_STRIP = NO;
				DEBUG_INFORMATION_FORMAT = "dwarf-with-dsym";
				DEVELOPMENT_TEAM = DH2SWVQ45A;
				ENABLE_NS_ASSERTIONS = NO;
				ENABLE_STRICT_OBJC_MSGSEND = YES;
				ENABLE_USER_SCRIPT_SANDBOXING = YES;
				GCC_C_LANGUAGE_STANDARD = gnu17;
				GCC_NO_COMMON_BLOCKS = YES;
				GCC_WARN_64_TO_32_BIT_CONVERSION = YES;
				GCC_WARN_ABOUT_RETURN_TYPE = YES_ERROR;
				GCC_WARN_UNDECLARED_SELECTOR = YES;
				GCC_WARN_UNINITIALIZED_AUTOS = YES_AGGRESSIVE;
				GCC_WARN_UNUSED_FUNCTION = YES;
				GCC_WARN_UNUSED_VARIABLE = YES;
				IPHONEOS_DEPLOYMENT_TARGET = 26.0;
				LOCALIZATION_PREFERS_STRING_CATALOGS = YES;
				MTL_ENABLE_DEBUG_INFO = NO;
				MTL_FAST_MATH = YES;
				SDKROOT = iphoneos;
				SWIFT_COMPILATION_MODE = wholemodule;
				VALIDATE_PRODUCT = YES;
			};
			name = Release;
		};
		27ECC90C2EBD7CCE008AB043 /* Debug */ = {
			isa = XCBuildConfiguration;
			buildSettings = {
				ASSETCATALOG_COMPILER_APPICON_NAME = AppIcon;
				ASSETCATALOG_COMPILER_GLOBAL_ACCENT_COLOR_NAME = AccentColor;
				CODE_SIGN_STYLE = Automatic;
				CURRENT_PROJECT_VERSION = 1;
				DEVELOPMENT_TEAM = DH2SWVQ45A;
				ENABLE_PREVIEWS = YES;
				GENERATE_INFOPLIST_FILE = YES;
				INFOPLIST_KEY_UIApplicationSceneManifest_Generation = YES;
				INFOPLIST_KEY_UIApplicationSupportsIndirectInputEvents = YES;
				INFOPLIST_KEY_UILaunchScreen_Generation = YES;
				INFOPLIST_KEY_UISupportedInterfaceOrientations_iPad = "UIInterfaceOrientationPortrait UIInterfaceOrientationPortraitUpsideDown UIInterfaceOrientationLandscapeLeft UIInterfaceOrientationLandscapeRight";
				INFOPLIST_KEY_UISupportedInterfaceOrientations_iPhone = "UIInterfaceOrientationPortrait UIInterfaceOrientationLandscapeLeft UIInterfaceOrientationLandscapeRight";
				LD_RUNPATH_SEARCH_PATHS = (
					"$(inherited)",
					"@executable_path/Frameworks",
				);
				MARKETING_VERSION = 1.0;
				PRODUCT_BUNDLE_IDENTIFIER = com.zawawa34.kajilis;
				PRODUCT_NAME = "$(TARGET_NAME)";
				STRING_CATALOG_GENERATE_SYMBOLS = YES;
				SWIFT_APPROACHABLE_CONCURRENCY = YES;
				SWIFT_DEFAULT_ACTOR_ISOLATION = MainActor;
				SWIFT_EMIT_LOC_STRINGS = YES;
				SWIFT_UPCOMING_FEATURE_MEMBER_IMPORT_VISIBILITY = YES;
				SWIFT_VERSION = 5.0;
				TARGETED_DEVICE_FAMILY = "1,2";
			};
			name = Debug;
		};
		27ECC90D2EBD7CCE008AB043 /* Release */ = {
			isa = XCBuildConfiguration;
			buildSettings = {
				ASSETCATALOG_COMPILER_APPICON_NAME = AppIcon;
				ASSETCATALOG_COMPILER_GLOBAL_ACCENT_COLOR_NAME = AccentColor;
				CODE_SIGN_STYLE = Automatic;
				CURRENT_PROJECT_VERSION = 1;
				DEVELOPMENT_TEAM = DH2SWVQ45A;
				ENABLE_PREVIEWS = YES;
				GENERATE_INFOPLIST_FILE = YES;
				INFOPLIST_KEY_UIApplicationSceneManifest_Generation = YES;
				INFOPLIST_KEY_UIApplicationSupportsIndirectInputEvents = YES;
				INFOPLIST_KEY_UILaunchScreen_Generation = YES;
				INFOPLIST_KEY_UISupportedInterfaceOrientations_iPad = "UIInterfaceOrientationPortrait UIInterfaceOrientationPortraitUpsideDown UIInterfaceOrientationLandscapeLeft UIInterfaceOrientationLandscapeRight";
				INFOPLIST_KEY_UISupportedInterfaceOrientations_iPhone = "UIInterfaceOrientationPortrait UIInterfaceOrientationLandscapeLeft UIInterfaceOrientationLandscapeRight";
				LD_RUNPATH_SEARCH_PATHS = (
					"$(inherited)",
					"@executable_path/Frameworks",
				);
				MARKETING_VERSION = 1.0;
				PRODUCT_BUNDLE_IDENTIFIER = com.zawawa34.kajilis;
				PRODUCT_NAME = "$(TARGET_NAME)";
				STRING_CATALOG_GENERATE_SYMBOLS = YES;
				SWIFT_APPROACHABLE_CONCURRENCY = YES;
				SWIFT_DEFAULT_ACTOR_ISOLATION = MainActor;
				SWIFT_EMIT_LOC_STRINGS = YES;
				SWIFT_UPCOMING_FEATURE_MEMBER_IMPORT_VISIBILITY = YES;
				SWIFT_VERSION = 5.0;
				TARGETED_DEVICE_FAMILY = "1,2";
			};
			name = Release;
		};
		27ECC90F2EBD7CCE008AB043 /* Debug */ = {
			isa = XCBuildConfiguration;
			buildSettings = {
				BUNDLE_LOADER = "$(TEST_HOST)";
				CODE_SIGN_STYLE = Automatic;
				CURRENT_PROJECT_VERSION = 1;
				DEVELOPMENT_TEAM = DH2SWVQ45A;
				GENERATE_INFOPLIST_FILE = YES;
				IPHONEOS_DEPLOYMENT_TARGET = 26.0;
				MARKETING_VERSION = 1.0;
				PRODUCT_BUNDLE_IDENTIFIER = com.zawawa34.kajilisTests;
				PRODUCT_NAME = "$(TARGET_NAME)";
				STRING_CATALOG_GENERATE_SYMBOLS = NO;
				SWIFT_APPROACHABLE_CONCURRENCY = YES;
				SWIFT_EMIT_LOC_STRINGS = NO;
				SWIFT_UPCOMING_FEATURE_MEMBER_IMPORT_VISIBILITY = YES;
				SWIFT_VERSION = 5.0;
				TARGETED_DEVICE_FAMILY = "1,2";
				TEST_HOST = "$(BUILT_PRODUCTS_DIR)/kajilis.app/$(BUNDLE_EXECUTABLE_FOLDER_PATH)/kajilis";
			};
			name = Debug;
		};
		27ECC9102EBD7CCE008AB043 /* Release */ = {
			isa = XCBuildConfiguration;
			buildSettings = {
				BUNDLE_LOADER = "$(TEST_HOST)";
				CODE_SIGN_STYLE = Automatic;
				CURRENT_PROJECT_VERSION = 1;
				DEVELOPMENT_TEAM = DH2SWVQ45A;
				GENERATE_INFOPLIST_FILE = YES;
				IPHONEOS_DEPLOYMENT_TARGET = 26.0;
				MARKETING_VERSION = 1.0;
				PRODUCT_BUNDLE_IDENTIFIER = com.zawawa34.kajilisTests;
				PRODUCT_NAME = "$(TARGET_NAME)";
				STRING_CATALOG_GENERATE_SYMBOLS = NO;
				SWIFT_APPROACHABLE_CONCURRENCY = YES;
				SWIFT_EMIT_LOC_STRINGS = NO;
				SWIFT_UPCOMING_FEATURE_MEMBER_IMPORT_VISIBILITY = YES;
				SWIFT_VERSION = 5.0;
				TARGETED_DEVICE_FAMILY = "1,2";
				TEST_HOST = "$(BUILT_PRODUCTS_DIR)/kajilis.app/$(BUNDLE_EXECUTABLE_FOLDER_PATH)/kajilis";
			};
			name = Release;
		};
		27ECC9122EBD7CCE008AB043 /* Debug */ = {
			isa = XCBuildConfiguration;
			buildSettings = {
				CODE_SIGN_STYLE = Automatic;
				CURRENT_PROJECT_VERSION = 1;
				DEVELOPMENT_TEAM = DH2SWVQ45A;
				GENERATE_INFOPLIST_FILE = YES;
				MARKETING_VERSION = 1.0;
				PRODUCT_BUNDLE_IDENTIFIER = com.zawawa34.kajilisUITests;
				PRODUCT_NAME = "$(TARGET_NAME)";
				STRING_CATALOG_GENERATE_SYMBOLS = NO;
				SWIFT_APPROACHABLE_CONCURRENCY = YES;
				SWIFT_EMIT_LOC_STRINGS = NO;
				SWIFT_UPCOMING_FEATURE_MEMBER_IMPORT_VISIBILITY = YES;
				SWIFT_VERSION = 5.0;
				TARGETED_DEVICE_FAMILY = "1,2";
				TEST_TARGET_NAME = kajilis;
			};
			name = Debug;
		};
		27ECC9132EBD7CCE008AB043 /* Release */ = {
			isa = XCBuildConfiguration;
			buildSettings = {
				CODE_SIGN_STYLE = Automatic;
				CURRENT_PROJECT_VERSION = 1;
				DEVELOPMENT_TEAM = DH2SWVQ45A;
				GENERATE_INFOPLIST_FILE = YES;
				MARKETING_VERSION = 1.0;
				PRODUCT_BUNDLE_IDENTIFIER = com.zawawa34.kajilisUITests;
				PRODUCT_NAME = "$(TARGET_NAME)";
				STRING_CATALOG_GENERATE_SYMBOLS = NO;
				SWIFT_APPROACHABLE_CONCURRENCY = YES;
				SWIFT_EMIT_LOC_STRINGS = NO;
				SWIFT_UPCOMING_FEATURE_MEMBER_IMPORT_VISIBILITY = YES;
				SWIFT_VERSION = 5.0;
				TARGETED_DEVICE_FAMILY = "1,2";
				TEST_TARGET_NAME = kajilis;
			};
			name = Release;
		};
/* End XCBuildConfiguration section */

/* Begin XCConfigurationList section */
		27ECC8E52EBD7CCC008AB043 /* Build configuration list for PBXProject "kajilis" */ = {
			isa = XCConfigurationList;
			buildConfigurations = (
				27ECC9092EBD7CCE008AB043 /* Debug */,
				27ECC90A2EBD7CCE008AB043 /* Release */,
			);
			defaultConfigurationIsVisible = 0;
			defaultConfigurationName = Release;
		};
		27ECC90B2EBD7CCE008AB043 /* Build configuration list for PBXNativeTarget "kajilis" */ = {
			isa = XCConfigurationList;
			buildConfigurations = (
				27ECC90C2EBD7CCE008AB043 /* Debug */,
				27ECC90D2EBD7CCE008AB043 /* Release */,
			);
			defaultConfigurationIsVisible = 0;
			defaultConfigurationName = Release;
		};
		27ECC90E2EBD7CCE008AB043 /* Build configuration list for PBXNativeTarget "kajilisTests" */ = {
			isa = XCConfigurationList;
			buildConfigurations = (
				27ECC90F2EBD7CCE008AB043 /* Debug */,
				27ECC9102EBD7CCE008AB043 /* Release */,
			);
			defaultConfigurationIsVisible = 0;
			defaultConfigurationName = Release;
		};
		27ECC9112EBD7CCE008AB043 /* Build configuration list for PBXNativeTarget "kajilisUITests" */ = {
			isa = XCConfigurationList;
			buildConfigurations = (
				27ECC9122EBD7CCE008AB043 /* Debug */,
				27ECC9132EBD7CCE008AB043 /* Release */,
			);
			defaultConfigurationIsVisible = 0;
			defaultConfigurationName = Release;
		};
/* End XCConfigurationList section */
	};
	rootObject = 27ECC8E22EBD7CCC008AB043 /* Project object */;
}
